version = 1
revision = 3
requires-python = ">=3.14"

[[package]]
name = "justhtml"
version = "1.21.0"
source = { registry = "https://pypi.org/simple" }
sdist = { url = "https://files.pythonhosted.org/packages/46/eb/4605b76d6a5a877cb0f0029b610f493dea946d88a7a7ae82a6843fed24be/justhtml-1.21.0.tar.gz", hash = "sha256:cd72c7df57763bca833c0cfa3e4fa6bd4e75be38797986c6d57b8557963ce195", size = 414857, upload-time = "2026-05-15T21:41:14.094Z" }
wheels = [
    { url = "https://files.pythonhosted.org/packages/ab/2d/8d1ffc709a0c7e1919800762d0bfe2121b5af5dda8930f5cdce821e9f32f/justhtml-1.21.0-py3-none-any.whl", hash = "sha256:fa5d741d0eefbca394bd97a746223d58674b8985004195f51be8da7615a85987", size = 145531, upload-time = "2026-05-15T21:41:12.294Z" },
]

[[package]]
name = "mf-tester"
version = "0.1.0"
source = { virtual = "." }
dependencies = [
    { name = "mf2dom" },
]

[package.metadata]
requires-dist = [{ name = "mf2dom", specifier = ">=0.2.0" }]

[[package]]
name = "mf2dom"
version = "0.2.0"
source = { registry = "https://pypi.org/simple" }
dependencies = [
    { name = "justhtml" },
]
sdist = { url = "https://files.pythonhosted.org/packages/6b/8f/882bfbfafd3ee05fad21cbfa4264b0586a7f0afa7e6686706002605ee5b7/mf2dom-0.2.0.tar.gz", hash = "sha256:b9adf0678114b6568eed5d13185df7ab21f33714206e287d378d41d829ed5d25", size = 15022929, upload-time = "2026-05-13T14:52:10.092Z" }
wheels = [
    { url = "https://files.pythonhosted.org/packages/44/8e/9a7b8030d4e6ab1f6941af24721ea2b3bb224b95070888ce208347f9ee74/mf2dom-0.2.0-py3-none-any.whl", hash = "sha256:7236dfa2e7e31509c09d2a93e8a9c3c2c59db08aa534482fd11718e51a381d12", size = 36155, upload-time = "2026-05-13T14:52:08.052Z" },
]
