%{
  "floki": {:hex, :floki, "0.38.1", "f002ccac94b3bcb21d40d9b34cc2cc9fd88a8311879120330075b5dde657ebee", [:mix], [], "hexpm", "e744bf0db7ee34b2c8b62767f04071107af0516a81144b9a2f73fe0494200e5b"},
  "json": {:hex, :json, "1.4.1", "8648f04a9439765ad449bc56a3ff7d8b11dd44ff08ffcdefc4329f7c93843dfa", [:mix], [], "hexpm", "9abf218dbe4ea4fcb875e087d5f904ef263d012ee5ed21d46e9dbca63f053d16"},
  "microformats2": {:hex, :microformats2, "1.0.1", "addcfeec0d9cddcb18f2351f8b470af738622eb8279ce682eff7117f13fb250b", [:mix], [{:floki, "~> 0.7", [hex: :floki, repo: "hexpm", optional: false]}, {:tesla, "~> 1.8.0", [hex: :tesla, repo: "hexpm", optional: true]}], "hexpm", "3b1690dd68e7b59fe822f7e44f6b00c89181d2e090eb76fdd2d968b185122097"},
}
